
Microsoft Visual Studio Solution File, Format Version 12.00
# Visual Studio Version 17
VisualStudioVersion = 17.3.32929.385
MinimumVisualStudioVersion = 10.0.40219.1
Project("{FAE04EC0-301F-11D3-BF4B-00C04F79EFBC}") = "VeriYapıÖdev2", "VeriYapıÖdev2\VeriYapıÖdev2.csproj", "{3820893F-675A-4CA6-AD43-D971A36AEF01}"
EndProject
Global
	GlobalSection(SolutionConfigurationPlatforms) = preSolution
		Debug|Any CPU = Debug|Any CPU
		Release|Any CPU = Release|Any CPU
	EndGlobalSection
	GlobalSection(ProjectConfigurationPlatforms) = postSolution
		{3820893F-675A-4CA6-AD43-D971A36AEF01}.Debug|Any CPU.ActiveCfg = Debug|Any CPU
		{3820893F-675A-4CA6-AD43-D971A36AEF01}.Debug|Any CPU.Build.0 = Debug|Any CPU
		{3820893F-675A-4CA6-AD43-D971A36AEF01}.Release|Any CPU.ActiveCfg = Release|Any CPU
		{3820893F-675A-4CA6-AD43-D971A36AEF01}.Release|Any CPU.Build.0 = Release|Any CPU
	EndGlobalSection
	GlobalSection(SolutionProperties) = preSolution
		HideSolutionNode = FALSE
	EndGlobalSection
	GlobalSection(ExtensibilityGlobals) = postSolution
		SolutionGuid = {E724E09E-B336-49A0-90C3-228ED45759B7}
	EndGlobalSection
EndGlobal
